# This file is automatically @generated by Wally.
# It is not intended for manual editing.
registry = "test"

[[package]]
name = "evaera/promise"
version = "4.0.0"
dependencies = []

[[package]]
name = "firecam702/profileservice"
version = "1.0.0"
dependencies = []

[[package]]
name = "gundl/testarena"
version = "0.1.0"
dependencies = [["Networker", "l3g5nd/networker@4.1.8"], ["Promise", "evaera/promise@4.0.0"], ["ProfileService", "firecam702/profileservice@1.0.0"]]

[[package]]
name = "l3g5nd/networker"
version = "4.1.8"
dependencies = []
